
Microsoft Visual Studio Solution File, Format Version 12.00
# Visual Studio 15
Project("{FAE04EC0-301F-11D3-BF4B-00C04F79EFBC}") = "Assembly-CSharp", "Assembly-CSharp.csproj", "{3987EABC-5AE4-D3F8-62D0-580994FAEB60}"
EndProject
Project("{FAE04EC0-301F-11D3-BF4B-00C04F79EFBC}") = "Assembly-CSharp-Editor", "Assembly-CSharp-Editor.csproj", "{3D6610CC-C6D4-FE1D-3C47-59C014649135}"
EndProject
Global
	GlobalSection(SolutionConfigurationPlatforms) = preSolution
		Debug|Any CPU = Debug|Any CPU
		Release|Any CPU = Release|Any CPU
	EndGlobalSection
	GlobalSection(ProjectConfigurationPlatforms) = postSolution
		{3987EABC-5AE4-D3F8-62D0-580994FAEB60}.Debug|Any CPU.ActiveCfg = Debug|Any CPU
		{3987EABC-5AE4-D3F8-62D0-580994FAEB60}.Debug|Any CPU.Build.0 = Debug|Any CPU
		{3987EABC-5AE4-D3F8-62D0-580994FAEB60}.Release|Any CPU.ActiveCfg = Release|Any CPU
		{3987EABC-5AE4-D3F8-62D0-580994FAEB60}.Release|Any CPU.Build.0 = Release|Any CPU
		{3D6610CC-C6D4-FE1D-3C47-59C014649135}.Debug|Any CPU.ActiveCfg = Debug|Any CPU
		{3D6610CC-C6D4-FE1D-3C47-59C014649135}.Debug|Any CPU.Build.0 = Debug|Any CPU
		{3D6610CC-C6D4-FE1D-3C47-59C014649135}.Release|Any CPU.ActiveCfg = Release|Any CPU
		{3D6610CC-C6D4-FE1D-3C47-59C014649135}.Release|Any CPU.Build.0 = Release|Any CPU
	EndGlobalSection
	GlobalSection(SolutionProperties) = preSolution
		HideSolutionNode = FALSE
	EndGlobalSection
EndGlobal
